// !$*UTF8*$!
{
	archiveVersion = 1;
	classes = {
	};
	objectVersion = 46;
	objects = {

/* Begin PBXBuildFile section */
		572607101DA69FC70072AFED /* Post.swift in Sources */ = {isa = PBXBuildFile; fileRef = 5726070F1DA69FC70072AFED /* Post.swift */; };
		572B3BBC1DA61DAE0082F53D /* AppDelegate.swift in Sources */ = {isa = PBXBuildFile; fileRef = 572B3BBB1DA61DAE0082F53D /* AppDelegate.swift */; };
		572B3BBE1DA61DAE0082F53D /* FeedController.swift in Sources */ = {isa = PBXBuildFile; fileRef = 572B3BBD1DA61DAE0082F53D /* FeedController.swift */; };
		572B3BC11DA61DAE0082F53D /* Main.storyboard in Resources */ = {isa = PBXBuildFile; fileRef = 572B3BBF1DA61DAE0082F53D /* Main.storyboard */; };
		572B3BC31DA61DAE0082F53D /* Assets.xcassets in Resources */ = {isa = PBXBuildFile; fileRef = 572B3BC21DA61DAE0082F53D /* Assets.xcassets */; };
		572B3BC61DA61DAE0082F53D /* LaunchScreen.storyboard in Resources */ = {isa = PBXBuildFile; fileRef = 572B3BC41DA61DAE0082F53D /* LaunchScreen.storyboard */; };
		57E8B9B31DA6864C0024FC1D /* NewsCell.swift in Sources */ = {isa = PBXBuildFile; fileRef = 57E8B9B21DA6864C0024FC1D /* NewsCell.swift */; };
/* End PBXBuildFile section */

/* Begin PBXFileReference section */
		5726070F1DA69FC70072AFED /* Post.swift */ = {isa = PBXFileReference; fileEncoding = 4; lastKnownFileType = sourcecode.swift; path = Post.swift; sourceTree = "<group>"; };
		572B3BB81DA61DAE0082F53D /* iAmReporter_V2.app */ = {isa = PBXFileReference; explicitFileType = wrapper.application; includeInIndex = 0; path = iAmReporter_V2.app; sourceTree = BUILT_PRODUCTS_DIR; };
		572B3BBB1DA61DAE0082F53D /* AppDelegate.swift */ = {isa = PBXFileReference; lastKnownFileType = sourcecode.swift; path = AppDelegate.swift; sourceTree = "<group>"; };
		572B3BBD1DA61DAE0082F53D /* FeedController.swift */ = {isa = PBXFileReference; lastKnownFileType = sourcecode.swift; path = FeedController.swift; sourceTree = "<group>"; };
		572B3BC01DA61DAE0082F53D /* Base */ = {isa = PBXFileReference; lastKnownFileType = file.storyboard; name = Base; path = Base.lproj/Main.storyboard; sourceTree = "<group>"; };
		572B3BC21DA61DAE0082F53D /* Assets.xcassets */ = {isa = PBXFileReference; lastKnownFileType = folder.assetcatalog; path = Assets.xcassets; sourceTree = "<group>"; };
		572B3BC51DA61DAE0082F53D /* Base */ = {isa = PBXFileReference; lastKnownFileType = file.storyboard; name = Base; path = Base.lproj/LaunchScreen.storyboard; sourceTree = "<group>"; };
		572B3BC71DA61DAE0082F53D /* Info.plist */ = {isa = PBXFileReference; lastKnownFileType = text.plist.xml; path = Info.plist; sourceTree = "<group>"; };
		57E8B9B21DA6864C0024FC1D /* NewsCell.swift */ = {isa = PBXFileReference; fileEncoding = 4; lastKnownFileType = sourcecode.swift; path = NewsCell.swift; sourceTree = "<group>"; };
/* End PBXFileReference section */

/* Begin PBXFrameworksBuildPhase section */
		572B3BB51DA61DAD0082F53D /* Frameworks */ = {
			isa = PBXFrameworksBuildPhase;
			buildActionMask = 2147483647;
			files = (
			);
			runOnlyForDeploymentPostprocessing = 0;
		};
/* End PBXFrameworksBuildPhase section */

/* Begin PBXGroup section */
		572B3BAF1DA61DAD0082F53D = {
			isa = PBXGroup;
			children = (
				572B3BBA1DA61DAE0082F53D /* iAmReporter_V2 */,
				572B3BB91DA61DAE0082F53D /* Products */,
			);
			sourceTree = "<group>";
		};
		572B3BB91DA61DAE0082F53D /* Products */ = {
			isa = PBXGroup;
			children = (
				572B3BB81DA61DAE0082F53D /* iAmReporter_V2.app */,
			);
			name = Products;
			sourceTree = "<group>";
		};
		572B3BBA1DA61DAE0082F53D /* iAmReporter_V2 */ = {
			isa = PBXGroup;
			children = (
				572B3BBB1DA61DAE0082F53D /* AppDelegate.swift */,
				572B3BBD1DA61DAE0082F53D /* FeedController.swift */,
				57E8B9B21DA6864C0024FC1D /* NewsCell.swift */,
				572B3BBF1DA61DAE0082F53D /* Main.storyboard */,
				572B3BC21DA61DAE0082F53D /* Assets.xcassets */,
				572B3BC41DA61DAE0082F53D /* LaunchScreen.storyboard */,
				572B3BC71DA61DAE0082F53D /* Info.plist */,
				5726070F1DA69FC70072AFED /* Post.swift */,
			);
			path = iAmReporter_V2;
			sourceTree = "<group>";
		};
/* End PBXGroup section */

/* Begin PBXNativeTarget section */
		572B3BB71DA61DAD0082F53D /* iAmReporter_V2 */ = {
			isa = PBXNativeTarget;
			buildConfigurationList = 572B3BCA1DA61DAE0082F53D /* Build configuration list for PBXNativeTarget "iAmReporter_V2" */;
			buildPhases = (
				572B3BB41DA61DAD0082F53D /* Sources */,
				572B3BB51DA61DAD0082F53D /* Frameworks */,
				572B3BB61DA61DAD0082F53D /* Resources */,
			);
			buildRules = (
			);
			dependencies = (
			);
			name = iAmReporter_V2;
			productName = iAmReporter_V2;
			productReference = 572B3BB81DA61DAE0082F53D /* iAmReporter_V2.app */;
			productType = "com.apple.product-type.application";
		};
/* End PBXNativeTarget section */

/* Begin PBXProject section */
		572B3BB01DA61DAD0082F53D /* Project object */ = {
			isa = PBXProject;
			attributes = {
				LastSwiftUpdateCheck = 0800;
				LastUpgradeCheck = 0800;
				ORGANIZATIONNAME = "Yevhenii Veretennikov";
				TargetAttributes = {
					572B3BB71DA61DAD0082F53D = {
						CreatedOnToolsVersion = 8.0;
						DevelopmentTeam = 4G7Y533BQE;
						ProvisioningStyle = Automatic;
					};
				};
			};
			buildConfigurationList = 572B3BB31DA61DAD0082F53D /* Build configuration list for PBXProject "iAmReporter_V2" */;
			compatibilityVersion = "Xcode 3.2";
			developmentRegion = English;
			hasScannedForEncodings = 0;
			knownRegions = (
				en,
				Base,
			);
			mainGroup = 572B3BAF1DA61DAD0082F53D;
			productRefGroup = 572B3BB91DA61DAE0082F53D /* Products */;
			projectDirPath = "";
			projectRoot = "";
			targets = (
				572B3BB71DA61DAD0082F53D /* iAmReporter_V2 */,
			);
		};
/* End PBXProject section */

/* Begin PBXResourcesBuildPhase section */
		572B3BB61DA61DAD0082F53D /* Resources */ = {
			isa = PBXResourcesBuildPhase;
			buildActionMask = 2147483647;
			files = (
				572B3BC61DA61DAE0082F53D /* LaunchScreen.storyboard in Resources */,
				572B3BC31DA61DAE0082F53D /* Assets.xcassets in Resources */,
				572B3BC11DA61DAE0082F53D /* Main.storyboard in Resources */,
			);
			runOnlyForDeploymentPostprocessing = 0;
		};
/* End PBXResourcesBuildPhase section */

/* Begin PBXSourcesBuildPhase section */
		572B3BB41DA61DAD0082F53D /* Sources */ = {
			isa = PBXSourcesBuildPhase;
			buildActionMask = 2147483647;
			files = (
				572B3BBE1DA61DAE0082F53D /* FeedController.swift in Sources */,
				57E8B9B31DA6864C0024FC1D /* NewsCell.swift in Sources */,
				572B3BBC1DA61DAE0082F53D /* AppDelegate.swift in Sources */,
				572607101DA69FC70072AFED /* Post.swift in Sources */,
			);
			runOnlyForDeploymentPostprocessing = 0;
		};
/* End PBXSourcesBuildPhase section */

/* Begin PBXVariantGroup section */
		572B3BBF1DA61DAE0082F53D /* Main.storyboard */ = {
			isa = PBXVariantGroup;
			children = (
				572B3BC01DA61DAE0082F53D /* Base */,
			);
			name = Main.storyboard;
			sourceTree = "<group>";
		};
		572B3BC41DA61DAE0082F53D /* LaunchScreen.storyboard */ = {
			isa = PBXVariantGroup;
			children = (
				572B3BC51DA61DAE0082F53D /* Base */,
			);
			name = LaunchScreen.storyboard;
			sourceTree = "<group>";
		};
/* End PBXVariantGroup section */

/* Begin XCBuildConfiguration section */
		572B3BC81DA61DAE0082F53D /* Debug */ = {
			isa = XCBuildConfiguration;
			buildSettings = {
				ALWAYS_SEARCH_USER_PATHS = NO;
				CLANG_ANALYZER_NONNULL = YES;
				CLANG_CXX_LANGUAGE_STANDARD = "gnu++0x";
				CLANG_CXX_LIBRARY = "libc++";
				CLANG_ENABLE_MODULES = YES;
				CLANG_ENABLE_OBJC_ARC = YES;
				CLANG_WARN_BOOL_CONVERSION = YES;
				CLANG_WARN_CONSTANT_CONVERSION = YES;
				CLANG_WARN_DIRECT_OBJC_ISA_USAGE = YES_ERROR;
				CLANG_WARN_DOCUMENTATION_COMMENTS = YES;
				CLANG_WARN_EMPTY_BODY = YES;
				CLANG_WARN_ENUM_CONVERSION = YES;
				CLANG_WARN_INFINITE_RECURSION = YES;
				CLANG_WARN_INT_CONVERSION = YES;
				CLANG_WARN_OBJC_ROOT_CLASS = YES_ERROR;
				CLANG_WARN_SUSPICIOUS_MOVES = YES;
				CLANG_WARN_UNREACHABLE_CODE = YES;
				CLANG_WARN__DUPLICATE_METHOD_MATCH = YES;
				"CODE_SIGN_IDENTITY[sdk=iphoneos*]" = "iPhone Developer";
				COPY_PHASE_STRIP = NO;
				DEBUG_INFORMATION_FORMAT = dwarf;
				ENABLE_STRICT_OBJC_MSGSEND = YES;
				ENABLE_TESTABILITY = YES;
				GCC_C_LANGUAGE_STANDARD = gnu99;
				GCC_DYNAMIC_NO_PIC = NO;
				GCC_NO_COMMON_BLOCKS = YES;
				GCC_OPTIMIZATION_LEVEL = 0;
				GCC_PREPROCESSOR_DEFINITIONS = (
					"DEBUG=1",
					"$(inherited)",
				);
				GCC_WARN_64_TO_32_BIT_CONVERSION = YES;
				GCC_WARN_ABOUT_RETURN_TYPE = YES_ERROR;
				GCC_WARN_UNDECLARED_SELECTOR = YES;
				GCC_WARN_UNINITIALIZED_AUTOS = YES_AGGRESSIVE;
				GCC_WARN_UNUSED_FUNCTION = YES;
				GCC_WARN_UNUSED_VARIABLE = YES;
				IPHONEOS_DEPLOYMENT_TARGET = 10.0;
				MTL_ENABLE_DEBUG_INFO = YES;
				ONLY_ACTIVE_ARCH = YES;
				SDKROOT = iphoneos;
				SWIFT_ACTIVE_COMPILATION_CONDITIONS = DEBUG;
				SWIFT_OPTIMIZATION_LEVEL = "-Onone";
			};
			name = Debug;
		};
		572B3BC91DA61DAE0082F53D /* Release */ = {
			isa = XCBuildConfiguration;
			buildSettings = {
				ALWAYS_SEARCH_USER_PATHS = NO;
				CLANG_ANALYZER_NONNULL = YES;
				CLANG_CXX_LANGUAGE_STANDARD = "gnu++0x";
				CLANG_CXX_LIBRARY = "libc++";
				CLANG_ENABLE_MODULES = YES;
				CLANG_ENABLE_OBJC_ARC = YES;
				CLANG_WARN_BOOL_CONVERSION = YES;
				CLANG_WARN_CONSTANT_CONVERSION = YES;
				CLANG_WARN_DIRECT_OBJC_ISA_USAGE = YES_ERROR;
				CLANG_WARN_DOCUMENTATION_COMMENTS = YES;
				CLANG_WARN_EMPTY_BODY = YES;
				CLANG_WARN_ENUM_CONVERSION = YES;
				CLANG_WARN_INFINITE_RECURSION = YES;
				CLANG_WARN_INT_CONVERSION = YES;
				CLANG_WARN_OBJC_ROOT_CLASS = YES_ERROR;
				CLANG_WARN_SUSPICIOUS_MOVES = YES;
				CLANG_WARN_UNREACHABLE_CODE = YES;
				CLANG_WARN__DUPLICATE_METHOD_MATCH = YES;
				"CODE_SIGN_IDENTITY[sdk=iphoneos*]" = "iPhone Developer";
				COPY_PHASE_STRIP = NO;
				DEBUG_INFORMATION_FORMAT = "dwarf-with-dsym";
				ENABLE_NS_ASSERTIONS = NO;
				ENABLE_STRICT_OBJC_MSGSEND = YES;
				GCC_C_LANGUAGE_STANDARD = gnu99;
				GCC_NO_COMMON_BLOCKS = YES;
				GCC_WARN_64_TO_32_BIT_CONVERSION = YES;
				GCC_WARN_ABOUT_RETURN_TYPE = YES_ERROR;
				GCC_WARN_UNDECLARED_SELECTOR = YES;
				GCC_WARN_UNINITIALIZED_AUTOS = YES_AGGRESSIVE;
				GCC_WARN_UNUSED_FUNCTION = YES;
				GCC_WARN_UNUSED_VARIABLE = YES;
				IPHONEOS_DEPLOYMENT_TARGET = 10.0;
				MTL_ENABLE_DEBUG_INFO = NO;
				SDKROOT = iphoneos;
				SWIFT_OPTIMIZATION_LEVEL = "-Owholemodule";
				VALIDATE_PRODUCT = YES;
			};
			name = Release;
		};
		572B3BCB1DA61DAE0082F53D /* Debug */ = {
			isa = XCBuildConfiguration;
			buildSettings = {
				ASSETCATALOG_COMPILER_APPICON_NAME = AppIcon;
				DEVELOPMENT_TEAM = 4G7Y533BQE;
				INFOPLIST_FILE = iAmReporter_V2/Info.plist;
				LD_RUNPATH_SEARCH_PATHS = "$(inherited) @executable_path/Frameworks";
				PRODUCT_BUNDLE_IDENTIFIER = "com.gmail.shadberrow.iAmReporter-V2";
				PRODUCT_NAME = "$(TARGET_NAME)";
				SWIFT_VERSION = 3.0;
			};
			name = Debug;
		};
		572B3BCC1DA61DAE0082F53D /* Release */ = {
			isa = XCBuildConfiguration;
			buildSettings = {
				ASSETCATALOG_COMPILER_APPICON_NAME = AppIcon;
				DEVELOPMENT_TEAM = 4G7Y533BQE;
				INFOPLIST_FILE = iAmReporter_V2/Info.plist;
				LD_RUNPATH_SEARCH_PATHS = "$(inherited) @executable_path/Frameworks";
				PRODUCT_BUNDLE_IDENTIFIER = "com.gmail.shadberrow.iAmReporter-V2";
				PRODUCT_NAME = "$(TARGET_NAME)";
				SWIFT_VERSION = 3.0;
			};
			name = Release;
		};
/* End XCBuildConfiguration section */

/* Begin XCConfigurationList section */
		572B3BB31DA61DAD0082F53D /* Build configuration list for PBXProject "iAmReporter_V2" */ = {
			isa = XCConfigurationList;
			buildConfigurations = (
				572B3BC81DA61DAE0082F53D /* Debug */,
				572B3BC91DA61DAE0082F53D /* Release */,
			);
			defaultConfigurationIsVisible = 0;
			defaultConfigurationName = Release;
		};
		572B3BCA1DA61DAE0082F53D /* Build configuration list for PBXNativeTarget "iAmReporter_V2" */ = {
			isa = XCConfigurationList;
			buildConfigurations = (
				572B3BCB1DA61DAE0082F53D /* Debug */,
				572B3BCC1DA61DAE0082F53D /* Release */,
			);
			defaultConfigurationIsVisible = 0;
			defaultConfigurationName = Release;
		};
/* End XCConfigurationList section */
	};
	rootObject = 572B3BB01DA61DAD0082F53D /* Project object */;
}
